
Microsoft Visual Studio Solution File, Format Version 12.00
# Visual Studio 15
VisualStudioVersion = 15.0.27703.2026
MinimumVisualStudioVersion = 10.0.40219.1
Project("{8BC9CEB8-8B4A-11D0-8D11-00A0C91BC942}") = "Dr26_2", "Dr26_2\Dr26_2.vcxproj", "{06A26F34-AAA2-4F16-9022-21E100DB53FC}"
EndProject
Global
	GlobalSection(SolutionConfigurationPlatforms) = preSolution
		Debug|x64 = Debug|x64
		Debug|x86 = Debug|x86
		Release|x64 = Release|x64
		Release|x86 = Release|x86
	EndGlobalSection
	GlobalSection(ProjectConfigurationPlatforms) = postSolution
		{06A26F34-AAA2-4F16-9022-21E100DB53FC}.Debug|x64.ActiveCfg = Debug|x64
		{06A26F34-AAA2-4F16-9022-21E100DB53FC}.Debug|x64.Build.0 = Debug|x64
		{06A26F34-AAA2-4F16-9022-21E100DB53FC}.Debug|x86.ActiveCfg = Debug|Win32
		{06A26F34-AAA2-4F16-9022-21E100DB53FC}.Debug|x86.Build.0 = Debug|Win32
		{06A26F34-AAA2-4F16-9022-21E100DB53FC}.Release|x64.ActiveCfg = Release|x64
		{06A26F34-AAA2-4F16-9022-21E100DB53FC}.Release|x64.Build.0 = Release|x64
		{06A26F34-AAA2-4F16-9022-21E100DB53FC}.Release|x86.ActiveCfg = Release|Win32
		{06A26F34-AAA2-4F16-9022-21E100DB53FC}.Release|x86.Build.0 = Release|Win32
	EndGlobalSection
	GlobalSection(SolutionProperties) = preSolution
		HideSolutionNode = FALSE
	EndGlobalSection
	GlobalSection(ExtensibilityGlobals) = postSolution
		SolutionGuid = {7221D01F-5EA2-4A7A-BB09-73CE4D083609}
	EndGlobalSection
EndGlobal
