
Microsoft Visual Studio Solution File, Format Version 12.00
# Visual Studio 15
VisualStudioVersion = 15.0.27428.2043
MinimumVisualStudioVersion = 10.0.40219.1
Project("{8BC9CEB8-8B4A-11D0-8D11-00A0C91BC942}") = "Dr4", "Dr4\Dr4.vcxproj", "{FCBF79B7-D7C4-40FD-93D6-D8B25C1894C0}"
EndProject
Global
	GlobalSection(SolutionConfigurationPlatforms) = preSolution
		Debug|x64 = Debug|x64
		Debug|x86 = Debug|x86
		Release|x64 = Release|x64
		Release|x86 = Release|x86
	EndGlobalSection
	GlobalSection(ProjectConfigurationPlatforms) = postSolution
		{FCBF79B7-D7C4-40FD-93D6-D8B25C1894C0}.Debug|x64.ActiveCfg = Debug|x64
		{FCBF79B7-D7C4-40FD-93D6-D8B25C1894C0}.Debug|x64.Build.0 = Debug|x64
		{FCBF79B7-D7C4-40FD-93D6-D8B25C1894C0}.Debug|x86.ActiveCfg = Debug|Win32
		{FCBF79B7-D7C4-40FD-93D6-D8B25C1894C0}.Debug|x86.Build.0 = Debug|Win32
		{FCBF79B7-D7C4-40FD-93D6-D8B25C1894C0}.Release|x64.ActiveCfg = Release|x64
		{FCBF79B7-D7C4-40FD-93D6-D8B25C1894C0}.Release|x64.Build.0 = Release|x64
		{FCBF79B7-D7C4-40FD-93D6-D8B25C1894C0}.Release|x86.ActiveCfg = Release|Win32
		{FCBF79B7-D7C4-40FD-93D6-D8B25C1894C0}.Release|x86.Build.0 = Release|Win32
	EndGlobalSection
	GlobalSection(SolutionProperties) = preSolution
		HideSolutionNode = FALSE
	EndGlobalSection
	GlobalSection(ExtensibilityGlobals) = postSolution
		SolutionGuid = {AA54ABD1-B11F-475E-842D-4CBE1D70B356}
	EndGlobalSection
EndGlobal
